// !$*UTF8*$!
{
	archiveVersion = 1;
	classes = {
	};
	objectVersion = 56;
	objects = {

/* Begin PBXBuildFile section */
		FD020A352BCC509E000F3075 /* MovieDetailsViewModel.swift in Sources */ = {isa = PBXBuildFile; fileRef = FD020A342BCC509E000F3075 /* MovieDetailsViewModel.swift */; };
		FD020A372BCDC95F000F3075 /* WatchListView.swift in Sources */ = {isa = PBXBuildFile; fileRef = FD020A362BCDC95F000F3075 /* WatchListView.swift */; };
		FD020A3B2BD01EC5000F3075 /* TabViews.swift in Sources */ = {isa = PBXBuildFile; fileRef = FD020A3A2BD01EC5000F3075 /* TabViews.swift */; };
		FD1E55EE2BD6AF6E00676782 /* Launch Screen.storyboard in Resources */ = {isa = PBXBuildFile; fileRef = FD1E55ED2BD6AF6E00676782 /* Launch Screen.storyboard */; };
		FDD8A34A2BC95143004858DE /* MovieAppApp.swift in Sources */ = {isa = PBXBuildFile; fileRef = FDD8A3492BC95143004858DE /* MovieAppApp.swift */; };
		FDD8A34C2BC95143004858DE /* ContentView.swift in Sources */ = {isa = PBXBuildFile; fileRef = FDD8A34B2BC95143004858DE /* ContentView.swift */; };
		FDD8A34E2BC95144004858DE /* Assets.xcassets in Resources */ = {isa = PBXBuildFile; fileRef = FDD8A34D2BC95144004858DE /* Assets.xcassets */; };
		FDD8A3512BC95144004858DE /* Preview Assets.xcassets in Resources */ = {isa = PBXBuildFile; fileRef = FDD8A3502BC95144004858DE /* Preview Assets.xcassets */; };
		FDD8A35B2BC95144004858DE /* MovieAppTests.swift in Sources */ = {isa = PBXBuildFile; fileRef = FDD8A35A2BC95144004858DE /* MovieAppTests.swift */; };
		FDD8A3652BC95144004858DE /* MovieAppUITests.swift in Sources */ = {isa = PBXBuildFile; fileRef = FDD8A3642BC95144004858DE /* MovieAppUITests.swift */; };
		FDD8A3672BC95144004858DE /* MovieAppUITestsLaunchTests.swift in Sources */ = {isa = PBXBuildFile; fileRef = FDD8A3662BC95144004858DE /* MovieAppUITestsLaunchTests.swift */; };
		FDD8A3772BC95730004858DE /* OnboardingView.swift in Sources */ = {isa = PBXBuildFile; fileRef = FDD8A3762BC95730004858DE /* OnboardingView.swift */; };
		FDD8A3792BC963E9004858DE /* HomeScreen.swift in Sources */ = {isa = PBXBuildFile; fileRef = FDD8A3782BC963E9004858DE /* HomeScreen.swift */; };
		FDD8A37B2BC99179004858DE /* DescriptionView.swift in Sources */ = {isa = PBXBuildFile; fileRef = FDD8A37A2BC99179004858DE /* DescriptionView.swift */; };
		FDD8A3AD2BCAA9AA004858DE /* MovieModel.swift in Sources */ = {isa = PBXBuildFile; fileRef = FDD8A3AC2BCAA9AA004858DE /* MovieModel.swift */; };
		FDD8A3AF2BCAB03F004858DE /* TMDB-info.plist in Resources */ = {isa = PBXBuildFile; fileRef = FDD8A3AE2BCAB03F004858DE /* TMDB-info.plist */; };
		FDD8A3B12BCAF7DD004858DE /* TrendingMovies.swift in Sources */ = {isa = PBXBuildFile; fileRef = FDD8A3B02BCAF7DD004858DE /* TrendingMovies.swift */; };
		FDD8A3B32BCBF079004858DE /* MovieList.swift in Sources */ = {isa = PBXBuildFile; fileRef = FDD8A3B22BCBF079004858DE /* MovieList.swift */; };
/* End PBXBuildFile section */

/* Begin PBXContainerItemProxy section */
		FDD8A3572BC95144004858DE /* PBXContainerItemProxy */ = {
			isa = PBXContainerItemProxy;
			containerPortal = FDD8A33E2BC95143004858DE /* Project object */;
			proxyType = 1;
			remoteGlobalIDString = FDD8A3452BC95143004858DE;
			remoteInfo = MovieApp;
		};
		FDD8A3612BC95144004858DE /* PBXContainerItemProxy */ = {
			isa = PBXContainerItemProxy;
			containerPortal = FDD8A33E2BC95143004858DE /* Project object */;
			proxyType = 1;
			remoteGlobalIDString = FDD8A3452BC95143004858DE;
			remoteInfo = MovieApp;
		};
/* End PBXContainerItemProxy section */

/* Begin PBXFileReference section */
		FD020A342BCC509E000F3075 /* MovieDetailsViewModel.swift */ = {isa = PBXFileReference; lastKnownFileType = sourcecode.swift; path = MovieDetailsViewModel.swift; sourceTree = "<group>"; };
		FD020A362BCDC95F000F3075 /* WatchListView.swift */ = {isa = PBXFileReference; lastKnownFileType = sourcecode.swift; path = WatchListView.swift; sourceTree = "<group>"; };
		FD020A3A2BD01EC5000F3075 /* TabViews.swift */ = {isa = PBXFileReference; lastKnownFileType = sourcecode.swift; path = TabViews.swift; sourceTree = "<group>"; };
		FD1E55ED2BD6AF6E00676782 /* Launch Screen.storyboard */ = {isa = PBXFileReference; lastKnownFileType = file.storyboard; path = "Launch Screen.storyboard"; sourceTree = "<group>"; };
		FDD8A3462BC95143004858DE /* MovieApp.app */ = {isa = PBXFileReference; explicitFileType = wrapper.application; includeInIndex = 0; path = MovieApp.app; sourceTree = BUILT_PRODUCTS_DIR; };
		FDD8A3492BC95143004858DE /* MovieAppApp.swift */ = {isa = PBXFileReference; lastKnownFileType = sourcecode.swift; path = MovieAppApp.swift; sourceTree = "<group>"; };
		FDD8A34B2BC95143004858DE /* ContentView.swift */ = {isa = PBXFileReference; lastKnownFileType = sourcecode.swift; path = ContentView.swift; sourceTree = "<group>"; };
		FDD8A34D2BC95144004858DE /* Assets.xcassets */ = {isa = PBXFileReference; lastKnownFileType = folder.assetcatalog; path = Assets.xcassets; sourceTree = "<group>"; };
		FDD8A3502BC95144004858DE /* Preview Assets.xcassets */ = {isa = PBXFileReference; lastKnownFileType = folder.assetcatalog; path = "Preview Assets.xcassets"; sourceTree = "<group>"; };
		FDD8A3562BC95144004858DE /* MovieAppTests.xctest */ = {isa = PBXFileReference; explicitFileType = wrapper.cfbundle; includeInIndex = 0; path = MovieAppTests.xctest; sourceTree = BUILT_PRODUCTS_DIR; };
		FDD8A35A2BC95144004858DE /* MovieAppTests.swift */ = {isa = PBXFileReference; lastKnownFileType = sourcecode.swift; path = MovieAppTests.swift; sourceTree = "<group>"; };
		FDD8A3602BC95144004858DE /* MovieAppUITests.xctest */ = {isa = PBXFileReference; explicitFileType = wrapper.cfbundle; includeInIndex = 0; path = MovieAppUITests.xctest; sourceTree = BUILT_PRODUCTS_DIR; };
		FDD8A3642BC95144004858DE /* MovieAppUITests.swift */ = {isa = PBXFileReference; lastKnownFileType = sourcecode.swift; path = MovieAppUITests.swift; sourceTree = "<group>"; };
		FDD8A3662BC95144004858DE /* MovieAppUITestsLaunchTests.swift */ = {isa = PBXFileReference; lastKnownFileType = sourcecode.swift; path = MovieAppUITestsLaunchTests.swift; sourceTree = "<group>"; };
		FDD8A3762BC95730004858DE /* OnboardingView.swift */ = {isa = PBXFileReference; lastKnownFileType = sourcecode.swift; path = OnboardingView.swift; sourceTree = "<group>"; };
		FDD8A3782BC963E9004858DE /* HomeScreen.swift */ = {isa = PBXFileReference; lastKnownFileType = sourcecode.swift; path = HomeScreen.swift; sourceTree = "<group>"; };
		FDD8A37A2BC99179004858DE /* DescriptionView.swift */ = {isa = PBXFileReference; lastKnownFileType = sourcecode.swift; path = DescriptionView.swift; sourceTree = "<group>"; };
		FDD8A3AC2BCAA9AA004858DE /* MovieModel.swift */ = {isa = PBXFileReference; lastKnownFileType = sourcecode.swift; path = MovieModel.swift; sourceTree = "<group>"; };
		FDD8A3AE2BCAB03F004858DE /* TMDB-info.plist */ = {isa = PBXFileReference; lastKnownFileType = text.plist.xml; path = "TMDB-info.plist"; sourceTree = "<group>"; };
		FDD8A3B02BCAF7DD004858DE /* TrendingMovies.swift */ = {isa = PBXFileReference; lastKnownFileType = sourcecode.swift; path = TrendingMovies.swift; sourceTree = "<group>"; };
		FDD8A3B22BCBF079004858DE /* MovieList.swift */ = {isa = PBXFileReference; lastKnownFileType = sourcecode.swift; path = MovieList.swift; sourceTree = "<group>"; };
/* End PBXFileReference section */

/* Begin PBXFrameworksBuildPhase section */
		FDD8A3432BC95143004858DE /* Frameworks */ = {
			isa = PBXFrameworksBuildPhase;
			buildActionMask = 2147483647;
			files = (
			);
			runOnlyForDeploymentPostprocessing = 0;
		};
		FDD8A3532BC95144004858DE /* Frameworks */ = {
			isa = PBXFrameworksBuildPhase;
			buildActionMask = 2147483647;
			files = (
			);
			runOnlyForDeploymentPostprocessing = 0;
		};
		FDD8A35D2BC95144004858DE /* Frameworks */ = {
			isa = PBXFrameworksBuildPhase;
			buildActionMask = 2147483647;
			files = (
			);
			runOnlyForDeploymentPostprocessing = 0;
		};
/* End PBXFrameworksBuildPhase section */

/* Begin PBXGroup section */
		FDD8A33D2BC95143004858DE = {
			isa = PBXGroup;
			children = (
				FDD8A3482BC95143004858DE /* MovieApp */,
				FDD8A3592BC95144004858DE /* MovieAppTests */,
				FDD8A3632BC95144004858DE /* MovieAppUITests */,
				FDD8A3472BC95143004858DE /* Products */,
			);
			sourceTree = "<group>";
		};
		FDD8A3472BC95143004858DE /* Products */ = {
			isa = PBXGroup;
			children = (
				FDD8A3462BC95143004858DE /* MovieApp.app */,
				FDD8A3562BC95144004858DE /* MovieAppTests.xctest */,
				FDD8A3602BC95144004858DE /* MovieAppUITests.xctest */,
			);
			name = Products;
			sourceTree = "<group>";
		};
		FDD8A3482BC95143004858DE /* MovieApp */ = {
			isa = PBXGroup;
			children = (
				FDD8A3A92BCAA7E4004858DE /* URLSessions */,
				FDD8A3742BC9514D004858DE /* Models */,
				FDD8A3732BC95148004858DE /* Views */,
				FDD8A3492BC95143004858DE /* MovieAppApp.swift */,
				FDD8A34D2BC95144004858DE /* Assets.xcassets */,
				FDD8A34F2BC95144004858DE /* Preview Content */,
				FDD8A3AE2BCAB03F004858DE /* TMDB-info.plist */,
				FD1E55ED2BD6AF6E00676782 /* Launch Screen.storyboard */,
			);
			path = MovieApp;
			sourceTree = "<group>";
		};
		FDD8A34F2BC95144004858DE /* Preview Content */ = {
			isa = PBXGroup;
			children = (
				FDD8A3502BC95144004858DE /* Preview Assets.xcassets */,
			);
			path = "Preview Content";
			sourceTree = "<group>";
		};
		FDD8A3592BC95144004858DE /* MovieAppTests */ = {
			isa = PBXGroup;
			children = (
				FDD8A35A2BC95144004858DE /* MovieAppTests.swift */,
			);
			path = MovieAppTests;
			sourceTree = "<group>";
		};
		FDD8A3632BC95144004858DE /* MovieAppUITests */ = {
			isa = PBXGroup;
			children = (
				FDD8A3642BC95144004858DE /* MovieAppUITests.swift */,
				FDD8A3662BC95144004858DE /* MovieAppUITestsLaunchTests.swift */,
			);
			path = MovieAppUITests;
			sourceTree = "<group>";
		};
		FDD8A3732BC95148004858DE /* Views */ = {
			isa = PBXGroup;
			children = (
				FDD8A34B2BC95143004858DE /* ContentView.swift */,
				FDD8A3762BC95730004858DE /* OnboardingView.swift */,
				FDD8A3782BC963E9004858DE /* HomeScreen.swift */,
				FDD8A37A2BC99179004858DE /* DescriptionView.swift */,
				FDD8A3B02BCAF7DD004858DE /* TrendingMovies.swift */,
				FDD8A3B22BCBF079004858DE /* MovieList.swift */,
				FD020A362BCDC95F000F3075 /* WatchListView.swift */,
				FD020A3A2BD01EC5000F3075 /* TabViews.swift */,
			);
			path = Views;
			sourceTree = "<group>";
		};
		FDD8A3742BC9514D004858DE /* Models */ = {
			isa = PBXGroup;
			children = (
				FDD8A3AC2BCAA9AA004858DE /* MovieModel.swift */,
			);
			path = Models;
			sourceTree = "<group>";
		};
		FDD8A3A92BCAA7E4004858DE /* URLSessions */ = {
			isa = PBXGroup;
			children = (
				FD020A342BCC509E000F3075 /* MovieDetailsViewModel.swift */,
			);
			path = URLSessions;
			sourceTree = "<group>";
		};
/* End PBXGroup section */

/* Begin PBXNativeTarget section */
		FDD8A3452BC95143004858DE /* MovieApp */ = {
			isa = PBXNativeTarget;
			buildConfigurationList = FDD8A36A2BC95144004858DE /* Build configuration list for PBXNativeTarget "MovieApp" */;
			buildPhases = (
				FDD8A3752BC9516D004858DE /* ShellScript */,
				FDD8A3422BC95143004858DE /* Sources */,
				FDD8A3432BC95143004858DE /* Frameworks */,
				FDD8A3442BC95143004858DE /* Resources */,
			);
			buildRules = (
			);
			dependencies = (
			);
			name = MovieApp;
			productName = MovieApp;
			productReference = FDD8A3462BC95143004858DE /* MovieApp.app */;
			productType = "com.apple.product-type.application";
		};
		FDD8A3552BC95144004858DE /* MovieAppTests */ = {
			isa = PBXNativeTarget;
			buildConfigurationList = FDD8A36D2BC95144004858DE /* Build configuration list for PBXNativeTarget "MovieAppTests" */;
			buildPhases = (
				FDD8A3522BC95144004858DE /* Sources */,
				FDD8A3532BC95144004858DE /* Frameworks */,
				FDD8A3542BC95144004858DE /* Resources */,
			);
			buildRules = (
			);
			dependencies = (
				FDD8A3582BC95144004858DE /* PBXTargetDependency */,
			);
			name = MovieAppTests;
			productName = MovieAppTests;
			productReference = FDD8A3562BC95144004858DE /* MovieAppTests.xctest */;
			productType = "com.apple.product-type.bundle.unit-test";
		};
		FDD8A35F2BC95144004858DE /* MovieAppUITests */ = {
			isa = PBXNativeTarget;
			buildConfigurationList = FDD8A3702BC95144004858DE /* Build configuration list for PBXNativeTarget "MovieAppUITests" */;
			buildPhases = (
				FDD8A35C2BC95144004858DE /* Sources */,
				FDD8A35D2BC95144004858DE /* Frameworks */,
				FDD8A35E2BC95144004858DE /* Resources */,
			);
			buildRules = (
			);
			dependencies = (
				FDD8A3622BC95144004858DE /* PBXTargetDependency */,
			);
			name = MovieAppUITests;
			productName = MovieAppUITests;
			productReference = FDD8A3602BC95144004858DE /* MovieAppUITests.xctest */;
			productType = "com.apple.product-type.bundle.ui-testing";
		};
/* End PBXNativeTarget section */

/* Begin PBXProject section */
		FDD8A33E2BC95143004858DE /* Project object */ = {
			isa = PBXProject;
			attributes = {
				BuildIndependentTargetsInParallel = 1;
				LastSwiftUpdateCheck = 1530;
				LastUpgradeCheck = 1530;
				TargetAttributes = {
					FDD8A3452BC95143004858DE = {
						CreatedOnToolsVersion = 15.3;
					};
					FDD8A3552BC95144004858DE = {
						CreatedOnToolsVersion = 15.3;
						TestTargetID = FDD8A3452BC95143004858DE;
					};
					FDD8A35F2BC95144004858DE = {
						CreatedOnToolsVersion = 15.3;
						TestTargetID = FDD8A3452BC95143004858DE;
					};
				};
			};
			buildConfigurationList = FDD8A3412BC95143004858DE /* Build configuration list for PBXProject "MovieApp" */;
			compatibilityVersion = "Xcode 14.0";
			developmentRegion = en;
			hasScannedForEncodings = 0;
			knownRegions = (
				en,
				Base,
			);
			mainGroup = FDD8A33D2BC95143004858DE;
			productRefGroup = FDD8A3472BC95143004858DE /* Products */;
			projectDirPath = "";
			projectRoot = "";
			targets = (
				FDD8A3452BC95143004858DE /* MovieApp */,
				FDD8A3552BC95144004858DE /* MovieAppTests */,
				FDD8A35F2BC95144004858DE /* MovieAppUITests */,
			);
		};
/* End PBXProject section */

/* Begin PBXResourcesBuildPhase section */
		FDD8A3442BC95143004858DE /* Resources */ = {
			isa = PBXResourcesBuildPhase;
			buildActionMask = 2147483647;
			files = (
				FDD8A3512BC95144004858DE /* Preview Assets.xcassets in Resources */,
				FDD8A3AF2BCAB03F004858DE /* TMDB-info.plist in Resources */,
				FD1E55EE2BD6AF6E00676782 /* Launch Screen.storyboard in Resources */,
				FDD8A34E2BC95144004858DE /* Assets.xcassets in Resources */,
			);
			runOnlyForDeploymentPostprocessing = 0;
		};
		FDD8A3542BC95144004858DE /* Resources */ = {
			isa = PBXResourcesBuildPhase;
			buildActionMask = 2147483647;
			files = (
			);
			runOnlyForDeploymentPostprocessing = 0;
		};
		FDD8A35E2BC95144004858DE /* Resources */ = {
			isa = PBXResourcesBuildPhase;
			buildActionMask = 2147483647;
			files = (
			);
			runOnlyForDeploymentPostprocessing = 0;
		};
/* End PBXResourcesBuildPhase section */

/* Begin PBXShellScriptBuildPhase section */
		FDD8A3752BC9516D004858DE /* ShellScript */ = {
			isa = PBXShellScriptBuildPhase;
			alwaysOutOfDate = 1;
			buildActionMask = 2147483647;
			files = (
			);
			inputFileListPaths = (
			);
			inputPaths = (
			);
			outputFileListPaths = (
			);
			outputPaths = (
			);
			runOnlyForDeploymentPostprocessing = 0;
			shellPath = /bin/sh;
			shellScript = "PATH=/opt/homebrew/bin:$PATH\nif [ -f ~/com.raywenderlich.swiftlint.yml ]; then\n  if which swiftlint >/dev/null; then\n    swiftlint --no-cache --config ~/com.raywenderlich.swiftlint.yml\n  fi\nfi\n";
		};
/* End PBXShellScriptBuildPhase section */

/* Begin PBXSourcesBuildPhase section */
		FDD8A3422BC95143004858DE /* Sources */ = {
			isa = PBXSourcesBuildPhase;
			buildActionMask = 2147483647;
			files = (
				FD020A352BCC509E000F3075 /* MovieDetailsViewModel.swift in Sources */,
				FD020A3B2BD01EC5000F3075 /* TabViews.swift in Sources */,
				FDD8A3B32BCBF079004858DE /* MovieList.swift in Sources */,
				FDD8A3AD2BCAA9AA004858DE /* MovieModel.swift in Sources */,
				FDD8A3B12BCAF7DD004858DE /* TrendingMovies.swift in Sources */,
				FDD8A3772BC95730004858DE /* OnboardingView.swift in Sources */,
				FDD8A34C2BC95143004858DE /* ContentView.swift in Sources */,
				FDD8A3792BC963E9004858DE /* HomeScreen.swift in Sources */,
				FDD8A34A2BC95143004858DE /* MovieAppApp.swift in Sources */,
				FD020A372BCDC95F000F3075 /* WatchListView.swift in Sources */,
				FDD8A37B2BC99179004858DE /* DescriptionView.swift in Sources */,
			);
			runOnlyForDeploymentPostprocessing = 0;
		};
		FDD8A3522BC95144004858DE /* Sources */ = {
			isa = PBXSourcesBuildPhase;
			buildActionMask = 2147483647;
			files = (
				FDD8A35B2BC95144004858DE /* MovieAppTests.swift in Sources */,
			);
			runOnlyForDeploymentPostprocessing = 0;
		};
		FDD8A35C2BC95144004858DE /* Sources */ = {
			isa = PBXSourcesBuildPhase;
			buildActionMask = 2147483647;
			files = (
				FDD8A3672BC95144004858DE /* MovieAppUITestsLaunchTests.swift in Sources */,
				FDD8A3652BC95144004858DE /* MovieAppUITests.swift in Sources */,
			);
			runOnlyForDeploymentPostprocessing = 0;
		};
/* End PBXSourcesBuildPhase section */

/* Begin PBXTargetDependency section */
		FDD8A3582BC95144004858DE /* PBXTargetDependency */ = {
			isa = PBXTargetDependency;
			target = FDD8A3452BC95143004858DE /* MovieApp */;
			targetProxy = FDD8A3572BC95144004858DE /* PBXContainerItemProxy */;
		};
		FDD8A3622BC95144004858DE /* PBXTargetDependency */ = {
			isa = PBXTargetDependency;
			target = FDD8A3452BC95143004858DE /* MovieApp */;
			targetProxy = FDD8A3612BC95144004858DE /* PBXContainerItemProxy */;
		};
/* End PBXTargetDependency section */

/* Begin XCBuildConfiguration section */
		FDD8A3682BC95144004858DE /* Debug */ = {
			isa = XCBuildConfiguration;
			buildSettings = {
				ALWAYS_SEARCH_USER_PATHS = NO;
				ASSETCATALOG_COMPILER_GENERATE_SWIFT_ASSET_SYMBOL_EXTENSIONS = YES;
				CLANG_ANALYZER_NONNULL = YES;
				CLANG_ANALYZER_NUMBER_OBJECT_CONVERSION = YES_AGGRESSIVE;
				CLANG_CXX_LANGUAGE_STANDARD = "gnu++20";
				CLANG_ENABLE_MODULES = YES;
				CLANG_ENABLE_OBJC_ARC = YES;
				CLANG_ENABLE_OBJC_WEAK = YES;
				CLANG_WARN_BLOCK_CAPTURE_AUTORELEASING = YES;
				CLANG_WARN_BOOL_CONVERSION = YES;
				CLANG_WARN_COMMA = YES;
				CLANG_WARN_CONSTANT_CONVERSION = YES;
				CLANG_WARN_DEPRECATED_OBJC_IMPLEMENTATIONS = YES;
				CLANG_WARN_DIRECT_OBJC_ISA_USAGE = YES_ERROR;
				CLANG_WARN_DOCUMENTATION_COMMENTS = YES;
				CLANG_WARN_EMPTY_BODY = YES;
				CLANG_WARN_ENUM_CONVERSION = YES;
				CLANG_WARN_INFINITE_RECURSION = YES;
				CLANG_WARN_INT_CONVERSION = YES;
				CLANG_WARN_NON_LITERAL_NULL_CONVERSION = YES;
				CLANG_WARN_OBJC_IMPLICIT_RETAIN_SELF = YES;
				CLANG_WARN_OBJC_LITERAL_CONVERSION = YES;
				CLANG_WARN_OBJC_ROOT_CLASS = YES_ERROR;
				CLANG_WARN_QUOTED_INCLUDE_IN_FRAMEWORK_HEADER = YES;
				CLANG_WARN_RANGE_LOOP_ANALYSIS = YES;
				CLANG_WARN_STRICT_PROTOTYPES = YES;
				CLANG_WARN_SUSPICIOUS_MOVE = YES;
				CLANG_WARN_UNGUARDED_AVAILABILITY = YES_AGGRESSIVE;
				CLANG_WARN_UNREACHABLE_CODE = YES;
				CLANG_WARN__DUPLICATE_METHOD_MATCH = YES;
				COPY_PHASE_STRIP = NO;
				DEBUG_INFORMATION_FORMAT = dwarf;
				ENABLE_STRICT_OBJC_MSGSEND = YES;
				ENABLE_TESTABILITY = YES;
				ENABLE_USER_SCRIPT_SANDBOXING = NO;
				GCC_C_LANGUAGE_STANDARD = gnu17;
				GCC_DYNAMIC_NO_PIC = NO;
				GCC_NO_COMMON_BLOCKS = YES;
				GCC_OPTIMIZATION_LEVEL = 0;
				GCC_PREPROCESSOR_DEFINITIONS = (
					"DEBUG=1",
					"$(inherited)",
				);
				GCC_WARN_64_TO_32_BIT_CONVERSION = YES;
				GCC_WARN_ABOUT_RETURN_TYPE = YES_ERROR;
				GCC_WARN_UNDECLARED_SELECTOR = YES;
				GCC_WARN_UNINITIALIZED_AUTOS = YES_AGGRESSIVE;
				GCC_WARN_UNUSED_FUNCTION = YES;
				GCC_WARN_UNUSED_VARIABLE = YES;
				IPHONEOS_DEPLOYMENT_TARGET = 17.4;
				LOCALIZATION_PREFERS_STRING_CATALOGS = YES;
				MTL_ENABLE_DEBUG_INFO = INCLUDE_SOURCE;
				MTL_FAST_MATH = YES;
				ONLY_ACTIVE_ARCH = YES;
				SDKROOT = iphoneos;
				SWIFT_ACTIVE_COMPILATION_CONDITIONS = "DEBUG $(inherited)";
				SWIFT_OPTIMIZATION_LEVEL = "-Onone";
			};
			name = Debug;
		};
		FDD8A3692BC95144004858DE /* Release */ = {
			isa = XCBuildConfiguration;
			buildSettings = {
				ALWAYS_SEARCH_USER_PATHS = NO;
				ASSETCATALOG_COMPILER_GENERATE_SWIFT_ASSET_SYMBOL_EXTENSIONS = YES;
				CLANG_ANALYZER_NONNULL = YES;
				CLANG_ANALYZER_NUMBER_OBJECT_CONVERSION = YES_AGGRESSIVE;
				CLANG_CXX_LANGUAGE_STANDARD = "gnu++20";
				CLANG_ENABLE_MODULES = YES;
				CLANG_ENABLE_OBJC_ARC = YES;
				CLANG_ENABLE_OBJC_WEAK = YES;
				CLANG_WARN_BLOCK_CAPTURE_AUTORELEASING = YES;
				CLANG_WARN_BOOL_CONVERSION = YES;
				CLANG_WARN_COMMA = YES;
				CLANG_WARN_CONSTANT_CONVERSION = YES;
				CLANG_WARN_DEPRECATED_OBJC_IMPLEMENTATIONS = YES;
				CLANG_WARN_DIRECT_OBJC_ISA_USAGE = YES_ERROR;
				CLANG_WARN_DOCUMENTATION_COMMENTS = YES;
				CLANG_WARN_EMPTY_BODY = YES;
				CLANG_WARN_ENUM_CONVERSION = YES;
				CLANG_WARN_INFINITE_RECURSION = YES;
				CLANG_WARN_INT_CONVERSION = YES;
				CLANG_WARN_NON_LITERAL_NULL_CONVERSION = YES;
				CLANG_WARN_OBJC_IMPLICIT_RETAIN_SELF = YES;
				CLANG_WARN_OBJC_LITERAL_CONVERSION = YES;
				CLANG_WARN_OBJC_ROOT_CLASS = YES_ERROR;
				CLANG_WARN_QUOTED_INCLUDE_IN_FRAMEWORK_HEADER = YES;
				CLANG_WARN_RANGE_LOOP_ANALYSIS = YES;
				CLANG_WARN_STRICT_PROTOTYPES = YES;
				CLANG_WARN_SUSPICIOUS_MOVE = YES;
				CLANG_WARN_UNGUARDED_AVAILABILITY = YES_AGGRESSIVE;
				CLANG_WARN_UNREACHABLE_CODE = YES;
				CLANG_WARN__DUPLICATE_METHOD_MATCH = YES;
				COPY_PHASE_STRIP = NO;
				DEBUG_INFORMATION_FORMAT = "dwarf-with-dsym";
				ENABLE_NS_ASSERTIONS = NO;
				ENABLE_STRICT_OBJC_MSGSEND = YES;
				ENABLE_USER_SCRIPT_SANDBOXING = NO;
				GCC_C_LANGUAGE_STANDARD = gnu17;
				GCC_NO_COMMON_BLOCKS = YES;
				GCC_WARN_64_TO_32_BIT_CONVERSION = YES;
				GCC_WARN_ABOUT_RETURN_TYPE = YES_ERROR;
				GCC_WARN_UNDECLARED_SELECTOR = YES;
				GCC_WARN_UNINITIALIZED_AUTOS = YES_AGGRESSIVE;
				GCC_WARN_UNUSED_FUNCTION = YES;
				GCC_WARN_UNUSED_VARIABLE = YES;
				IPHONEOS_DEPLOYMENT_TARGET = 17.4;
				LOCALIZATION_PREFERS_STRING_CATALOGS = YES;
				MTL_ENABLE_DEBUG_INFO = NO;
				MTL_FAST_MATH = YES;
				SDKROOT = iphoneos;
				SWIFT_COMPILATION_MODE = wholemodule;
				VALIDATE_PRODUCT = YES;
			};
			name = Release;
		};
		FDD8A36B2BC95144004858DE /* Debug */ = {
			isa = XCBuildConfiguration;
			buildSettings = {
				ASSETCATALOG_COMPILER_APPICON_NAME = AppIcon;
				ASSETCATALOG_COMPILER_GLOBAL_ACCENT_COLOR_NAME = AccentColor;
				CODE_SIGN_STYLE = Automatic;
				CURRENT_PROJECT_VERSION = 1;
				DEVELOPMENT_ASSET_PATHS = "\"MovieApp/Preview Content\"";
				ENABLE_PREVIEWS = YES;
				GENERATE_INFOPLIST_FILE = YES;
				INFOPLIST_KEY_CFBundleDisplayName = WatchWise;
				INFOPLIST_KEY_UIApplicationSceneManifest_Generation = YES;
				INFOPLIST_KEY_UIApplicationSupportsIndirectInputEvents = YES;
				INFOPLIST_KEY_UILaunchScreen_Generation = YES;
				INFOPLIST_KEY_UILaunchStoryboardName = "Launch Screen.storyboard";
				INFOPLIST_KEY_UISupportedInterfaceOrientations_iPad = "UIInterfaceOrientationPortrait UIInterfaceOrientationPortraitUpsideDown UIInterfaceOrientationLandscapeLeft UIInterfaceOrientationLandscapeRight";
				INFOPLIST_KEY_UISupportedInterfaceOrientations_iPhone = "UIInterfaceOrientationPortrait UIInterfaceOrientationLandscapeLeft UIInterfaceOrientationLandscapeRight";
				LD_RUNPATH_SEARCH_PATHS = (
					"$(inherited)",
					"@executable_path/Frameworks",
				);
				MARKETING_VERSION = 1.0;
				PRODUCT_BUNDLE_IDENTIFIER = com.aytan.MovieApp;
				PRODUCT_NAME = "$(TARGET_NAME)";
				SWIFT_EMIT_LOC_STRINGS = YES;
				SWIFT_VERSION = 5.0;
				TARGETED_DEVICE_FAMILY = "1,2";
			};
			name = Debug;
		};
		FDD8A36C2BC95144004858DE /* Release */ = {
			isa = XCBuildConfiguration;
			buildSettings = {
				ASSETCATALOG_COMPILER_APPICON_NAME = AppIcon;
				ASSETCATALOG_COMPILER_GLOBAL_ACCENT_COLOR_NAME = AccentColor;
				CODE_SIGN_STYLE = Automatic;
				CURRENT_PROJECT_VERSION = 1;
				DEVELOPMENT_ASSET_PATHS = "\"MovieApp/Preview Content\"";
				ENABLE_PREVIEWS = YES;
				GENERATE_INFOPLIST_FILE = YES;
				INFOPLIST_KEY_CFBundleDisplayName = WatchWise;
				INFOPLIST_KEY_UIApplicationSceneManifest_Generation = YES;
				INFOPLIST_KEY_UIApplicationSupportsIndirectInputEvents = YES;
				INFOPLIST_KEY_UILaunchScreen_Generation = YES;
				INFOPLIST_KEY_UILaunchStoryboardName = "Launch Screen.storyboard";
				INFOPLIST_KEY_UISupportedInterfaceOrientations_iPad = "UIInterfaceOrientationPortrait UIInterfaceOrientationPortraitUpsideDown UIInterfaceOrientationLandscapeLeft UIInterfaceOrientationLandscapeRight";
				INFOPLIST_KEY_UISupportedInterfaceOrientations_iPhone = "UIInterfaceOrientationPortrait UIInterfaceOrientationLandscapeLeft UIInterfaceOrientationLandscapeRight";
				LD_RUNPATH_SEARCH_PATHS = (
					"$(inherited)",
					"@executable_path/Frameworks",
				);
				MARKETING_VERSION = 1.0;
				PRODUCT_BUNDLE_IDENTIFIER = com.aytan.MovieApp;
				PRODUCT_NAME = "$(TARGET_NAME)";
				SWIFT_EMIT_LOC_STRINGS = YES;
				SWIFT_VERSION = 5.0;
				TARGETED_DEVICE_FAMILY = "1,2";
			};
			name = Release;
		};
		FDD8A36E2BC95144004858DE /* Debug */ = {
			isa = XCBuildConfiguration;
			buildSettings = {
				ALWAYS_EMBED_SWIFT_STANDARD_LIBRARIES = YES;
				BUNDLE_LOADER = "$(TEST_HOST)";
				CODE_SIGN_STYLE = Automatic;
				CURRENT_PROJECT_VERSION = 1;
				GENERATE_INFOPLIST_FILE = YES;
				IPHONEOS_DEPLOYMENT_TARGET = 17.4;
				MARKETING_VERSION = 1.0;
				PRODUCT_BUNDLE_IDENTIFIER = com.aytan.MovieAppTests;
				PRODUCT_NAME = "$(TARGET_NAME)";
				SWIFT_EMIT_LOC_STRINGS = NO;
				SWIFT_VERSION = 5.0;
				TARGETED_DEVICE_FAMILY = "1,2";
				TEST_HOST = "$(BUILT_PRODUCTS_DIR)/MovieApp.app/$(BUNDLE_EXECUTABLE_FOLDER_PATH)/MovieApp";
			};
			name = Debug;
		};
		FDD8A36F2BC95144004858DE /* Release */ = {
			isa = XCBuildConfiguration;
			buildSettings = {
				ALWAYS_EMBED_SWIFT_STANDARD_LIBRARIES = YES;
				BUNDLE_LOADER = "$(TEST_HOST)";
				CODE_SIGN_STYLE = Automatic;
				CURRENT_PROJECT_VERSION = 1;
				GENERATE_INFOPLIST_FILE = YES;
				IPHONEOS_DEPLOYMENT_TARGET = 17.4;
				MARKETING_VERSION = 1.0;
				PRODUCT_BUNDLE_IDENTIFIER = com.aytan.MovieAppTests;
				PRODUCT_NAME = "$(TARGET_NAME)";
				SWIFT_EMIT_LOC_STRINGS = NO;
				SWIFT_VERSION = 5.0;
				TARGETED_DEVICE_FAMILY = "1,2";
				TEST_HOST = "$(BUILT_PRODUCTS_DIR)/MovieApp.app/$(BUNDLE_EXECUTABLE_FOLDER_PATH)/MovieApp";
			};
			name = Release;
		};
		FDD8A3712BC95144004858DE /* Debug */ = {
			isa = XCBuildConfiguration;
			buildSettings = {
				ALWAYS_EMBED_SWIFT_STANDARD_LIBRARIES = YES;
				CODE_SIGN_STYLE = Automatic;
				CURRENT_PROJECT_VERSION = 1;
				GENERATE_INFOPLIST_FILE = YES;
				MARKETING_VERSION = 1.0;
				PRODUCT_BUNDLE_IDENTIFIER = com.aytan.MovieAppUITests;
				PRODUCT_NAME = "$(TARGET_NAME)";
				SWIFT_EMIT_LOC_STRINGS = NO;
				SWIFT_VERSION = 5.0;
				TARGETED_DEVICE_FAMILY = "1,2";
				TEST_TARGET_NAME = MovieApp;
			};
			name = Debug;
		};
		FDD8A3722BC95144004858DE /* Release */ = {
			isa = XCBuildConfiguration;
			buildSettings = {
				ALWAYS_EMBED_SWIFT_STANDARD_LIBRARIES = YES;
				CODE_SIGN_STYLE = Automatic;
				CURRENT_PROJECT_VERSION = 1;
				GENERATE_INFOPLIST_FILE = YES;
				MARKETING_VERSION = 1.0;
				PRODUCT_BUNDLE_IDENTIFIER = com.aytan.MovieAppUITests;
				PRODUCT_NAME = "$(TARGET_NAME)";
				SWIFT_EMIT_LOC_STRINGS = NO;
				SWIFT_VERSION = 5.0;
				TARGETED_DEVICE_FAMILY = "1,2";
				TEST_TARGET_NAME = MovieApp;
			};
			name = Release;
		};
/* End XCBuildConfiguration section */

/* Begin XCConfigurationList section */
		FDD8A3412BC95143004858DE /* Build configuration list for PBXProject "MovieApp" */ = {
			isa = XCConfigurationList;
			buildConfigurations = (
				FDD8A3682BC95144004858DE /* Debug */,
				FDD8A3692BC95144004858DE /* Release */,
			);
			defaultConfigurationIsVisible = 0;
			defaultConfigurationName = Release;
		};
		FDD8A36A2BC95144004858DE /* Build configuration list for PBXNativeTarget "MovieApp" */ = {
			isa = XCConfigurationList;
			buildConfigurations = (
				FDD8A36B2BC95144004858DE /* Debug */,
				FDD8A36C2BC95144004858DE /* Release */,
			);
			defaultConfigurationIsVisible = 0;
			defaultConfigurationName = Release;
		};
		FDD8A36D2BC95144004858DE /* Build configuration list for PBXNativeTarget "MovieAppTests" */ = {
			isa = XCConfigurationList;
			buildConfigurations = (
				FDD8A36E2BC95144004858DE /* Debug */,
				FDD8A36F2BC95144004858DE /* Release */,
			);
			defaultConfigurationIsVisible = 0;
			defaultConfigurationName = Release;
		};
		FDD8A3702BC95144004858DE /* Build configuration list for PBXNativeTarget "MovieAppUITests" */ = {
			isa = XCConfigurationList;
			buildConfigurations = (
				FDD8A3712BC95144004858DE /* Debug */,
				FDD8A3722BC95144004858DE /* Release */,
			);
			defaultConfigurationIsVisible = 0;
			defaultConfigurationName = Release;
		};
/* End XCConfigurationList section */
	};
	rootObject = FDD8A33E2BC95143004858DE /* Project object */;
}
